
Microsoft Visual Studio Solution File, Format Version 12.00
# Visual Studio Version 16
VisualStudioVersion = 16.0.30320.27
MinimumVisualStudioVersion = 10.0.40219.1
Project("{FAE04EC0-301F-11D3-BF4B-00C04F79EFBC}") = "OOPSExample", "OOPSExample\OOPSExample.csproj", "{535E96A9-4C15-46F0-8886-DFD73E518BE4}"
EndProject
Global
	GlobalSection(SolutionConfigurationPlatforms) = preSolution
		Debug|Any CPU = Debug|Any CPU
		Release|Any CPU = Release|Any CPU
	EndGlobalSection
	GlobalSection(ProjectConfigurationPlatforms) = postSolution
		{535E96A9-4C15-46F0-8886-DFD73E518BE4}.Debug|Any CPU.ActiveCfg = Debug|Any CPU
		{535E96A9-4C15-46F0-8886-DFD73E518BE4}.Debug|Any CPU.Build.0 = Debug|Any CPU
		{535E96A9-4C15-46F0-8886-DFD73E518BE4}.Release|Any CPU.ActiveCfg = Release|Any CPU
		{535E96A9-4C15-46F0-8886-DFD73E518BE4}.Release|Any CPU.Build.0 = Release|Any CPU
	EndGlobalSection
	GlobalSection(SolutionProperties) = preSolution
		HideSolutionNode = FALSE
	EndGlobalSection
	GlobalSection(ExtensibilityGlobals) = postSolution
		SolutionGuid = {3A78377E-AD92-43F2-933C-AA391C87A663}
	EndGlobalSection
EndGlobal
